
Microsoft Visual Studio Solution File, Format Version 12.00
# Visual Studio Version 17
VisualStudioVersion = 17.5.33502.453
MinimumVisualStudioVersion = 10.0.40219.1
Project("{FAE04EC0-301F-11D3-BF4B-00C04F79EFBC}") = "Task_4", "Task_4\Task_4.csproj", "{583C6237-5CE9-4ABD-A341-8BB3291EDAFC}"
EndProject
Project("{FAE04EC0-301F-11D3-BF4B-00C04F79EFBC}") = "Task_2", "Task_2\Task_2.csproj", "{24A0DD33-6A4E-4F61-BCF9-020C0C267813}"
EndProject
Global
	GlobalSection(SolutionConfigurationPlatforms) = preSolution
		Debug|Any CPU = Debug|Any CPU
		Release|Any CPU = Release|Any CPU
	EndGlobalSection
	GlobalSection(ProjectConfigurationPlatforms) = postSolution
		{583C6237-5CE9-4ABD-A341-8BB3291EDAFC}.Debug|Any CPU.ActiveCfg = Debug|Any CPU
		{583C6237-5CE9-4ABD-A341-8BB3291EDAFC}.Debug|Any CPU.Build.0 = Debug|Any CPU
		{583C6237-5CE9-4ABD-A341-8BB3291EDAFC}.Release|Any CPU.ActiveCfg = Release|Any CPU
		{583C6237-5CE9-4ABD-A341-8BB3291EDAFC}.Release|Any CPU.Build.0 = Release|Any CPU
		{24A0DD33-6A4E-4F61-BCF9-020C0C267813}.Debug|Any CPU.ActiveCfg = Debug|Any CPU
		{24A0DD33-6A4E-4F61-BCF9-020C0C267813}.Debug|Any CPU.Build.0 = Debug|Any CPU
		{24A0DD33-6A4E-4F61-BCF9-020C0C267813}.Release|Any CPU.ActiveCfg = Release|Any CPU
		{24A0DD33-6A4E-4F61-BCF9-020C0C267813}.Release|Any CPU.Build.0 = Release|Any CPU
	EndGlobalSection
	GlobalSection(SolutionProperties) = preSolution
		HideSolutionNode = FALSE
	EndGlobalSection
	GlobalSection(ExtensibilityGlobals) = postSolution
		SolutionGuid = {D5A5615C-EC64-4A78-8B9D-8E1DA77232F0}
	EndGlobalSection
EndGlobal
